
Microsoft Visual Studio Solution File, Format Version 12.00
# Visual Studio 2015
Project("{FAE04EC0-301F-11D3-BF4B-00C04F79EFBC}") = "UnityAlertDialog.CSharp", "UnityAlertDialog.CSharp.csproj", "{C6A0219C-1075-06E0-70AA-619E841A3BAA}"
EndProject
Global
	GlobalSection(SolutionConfigurationPlatforms) = preSolution
		Debug|Any CPU = Debug|Any CPU
		Release|Any CPU = Release|Any CPU
	EndGlobalSection
	GlobalSection(ProjectConfigurationPlatforms) = postSolution
		{C6A0219C-1075-06E0-70AA-619E841A3BAA}.Debug|Any CPU.ActiveCfg = Debug|Any CPU
		{C6A0219C-1075-06E0-70AA-619E841A3BAA}.Debug|Any CPU.Build.0 = Debug|Any CPU
		{C6A0219C-1075-06E0-70AA-619E841A3BAA}.Release|Any CPU.ActiveCfg = Release|Any CPU
		{C6A0219C-1075-06E0-70AA-619E841A3BAA}.Release|Any CPU.Build.0 = Release|Any CPU
	EndGlobalSection
	GlobalSection(SolutionProperties) = preSolution
		HideSolutionNode = FALSE
	EndGlobalSection
EndGlobal
